
Microsoft Visual Studio Solution File, Format Version 12.00
# Visual Studio Version 17
VisualStudioVersion = 17.5.33627.172
MinimumVisualStudioVersion = 10.0.40219.1
Project("{8BC9CEB8-8B4A-11D0-8D11-00A0C91BC942}") = "4", "4\4.vcxproj", "{882B0CDA-8FF2-4090-A6E6-175619C4251E}"
EndProject
Project("{8BC9CEB8-8B4A-11D0-8D11-00A0C91BC942}") = "LAB", "LAB\LAB.vcxproj", "{75B83DAB-40CE-4FDD-A5DF-1D8A049360A4}"
EndProject
Global
	GlobalSection(SolutionConfigurationPlatforms) = preSolution
		Debug|x64 = Debug|x64
		Debug|x86 = Debug|x86
		Release|x64 = Release|x64
		Release|x86 = Release|x86
	EndGlobalSection
	GlobalSection(ProjectConfigurationPlatforms) = postSolution
		{882B0CDA-8FF2-4090-A6E6-175619C4251E}.Debug|x64.ActiveCfg = Debug|x64
		{882B0CDA-8FF2-4090-A6E6-175619C4251E}.Debug|x64.Build.0 = Debug|x64
		{882B0CDA-8FF2-4090-A6E6-175619C4251E}.Debug|x86.ActiveCfg = Debug|Win32
		{882B0CDA-8FF2-4090-A6E6-175619C4251E}.Debug|x86.Build.0 = Debug|Win32
		{882B0CDA-8FF2-4090-A6E6-175619C4251E}.Release|x64.ActiveCfg = Release|x64
		{882B0CDA-8FF2-4090-A6E6-175619C4251E}.Release|x64.Build.0 = Release|x64
		{882B0CDA-8FF2-4090-A6E6-175619C4251E}.Release|x86.ActiveCfg = Release|Win32
		{882B0CDA-8FF2-4090-A6E6-175619C4251E}.Release|x86.Build.0 = Release|Win32
		{75B83DAB-40CE-4FDD-A5DF-1D8A049360A4}.Debug|x64.ActiveCfg = Debug|x64
		{75B83DAB-40CE-4FDD-A5DF-1D8A049360A4}.Debug|x64.Build.0 = Debug|x64
		{75B83DAB-40CE-4FDD-A5DF-1D8A049360A4}.Debug|x86.ActiveCfg = Debug|Win32
		{75B83DAB-40CE-4FDD-A5DF-1D8A049360A4}.Debug|x86.Build.0 = Debug|Win32
		{75B83DAB-40CE-4FDD-A5DF-1D8A049360A4}.Release|x64.ActiveCfg = Release|x64
		{75B83DAB-40CE-4FDD-A5DF-1D8A049360A4}.Release|x64.Build.0 = Release|x64
		{75B83DAB-40CE-4FDD-A5DF-1D8A049360A4}.Release|x86.ActiveCfg = Release|Win32
		{75B83DAB-40CE-4FDD-A5DF-1D8A049360A4}.Release|x86.Build.0 = Release|Win32
	EndGlobalSection
	GlobalSection(SolutionProperties) = preSolution
		HideSolutionNode = FALSE
	EndGlobalSection
	GlobalSection(ExtensibilityGlobals) = postSolution
		SolutionGuid = {460B0CE7-0FE3-44CB-85C6-6DD25AB42715}
	EndGlobalSection
EndGlobal
